
Microsoft Visual Studio Solution File, Format Version 12.00
# Visual Studio 14
VisualStudioVersion = 14.0.23107.0
MinimumVisualStudioVersion = 10.0.40219.1
Project("{FAE04EC0-301F-11D3-BF4B-00C04F79EFBC}") = "xfpopup", "xfpopup\xfpopup\xfpopup.csproj", "{D2543003-25AF-4636-9919-B95ED2F3D555}"
EndProject
Project("{FAE04EC0-301F-11D3-BF4B-00C04F79EFBC}") = "xfpopup.iOS", "xfpopup\xfpopup.iOS\xfpopup.iOS.csproj", "{E1E8CEB3-A410-4EE3-9342-7C3B160092A4}"
EndProject
Project("{FAE04EC0-301F-11D3-BF4B-00C04F79EFBC}") = "xfpopup.Droid", "xfpopup\xfpopup.Droid\xfpopup.Droid.csproj", "{3B00CED5-77F7-4B82-B105-EFFB9C97D20A}"
EndProject
Project("{FAE04EC0-301F-11D3-BF4B-00C04F79EFBC}") = "xfpopup.WinPhone", "xfpopup\xfpopup.WinPhone\xfpopup.WinPhone.csproj", "{48144CB0-89B4-4B8E-AF42-9856EA4B6D63}"
EndProject
Global
	GlobalSection(SolutionConfigurationPlatforms) = preSolution
		Ad-Hoc|Any CPU = Ad-Hoc|Any CPU
		Ad-Hoc|ARM = Ad-Hoc|ARM
		Ad-Hoc|iPhone = Ad-Hoc|iPhone
		Ad-Hoc|iPhoneSimulator = Ad-Hoc|iPhoneSimulator
		Ad-Hoc|x86 = Ad-Hoc|x86
		AppStore|Any CPU = AppStore|Any CPU
		AppStore|ARM = AppStore|ARM
		AppStore|iPhone = AppStore|iPhone
		AppStore|iPhoneSimulator = AppStore|iPhoneSimulator
		AppStore|x86 = AppStore|x86
		Debug|Any CPU = Debug|Any CPU
		Debug|ARM = Debug|ARM
		Debug|iPhone = Debug|iPhone
		Debug|iPhoneSimulator = Debug|iPhoneSimulator
		Debug|x86 = Debug|x86
		Release|Any CPU = Release|Any CPU
		Release|ARM = Release|ARM
		Release|iPhone = Release|iPhone
		Release|iPhoneSimulator = Release|iPhoneSimulator
		Release|x86 = Release|x86
	EndGlobalSection
	GlobalSection(ProjectConfigurationPlatforms) = postSolution
		{D2543003-25AF-4636-9919-B95ED2F3D555}.Ad-Hoc|Any CPU.ActiveCfg = Release|Any CPU
		{D2543003-25AF-4636-9919-B95ED2F3D555}.Ad-Hoc|Any CPU.Build.0 = Release|Any CPU
		{D2543003-25AF-4636-9919-B95ED2F3D555}.Ad-Hoc|ARM.ActiveCfg = Release|Any CPU
		{D2543003-25AF-4636-9919-B95ED2F3D555}.Ad-Hoc|ARM.Build.0 = Release|Any CPU
		{D2543003-25AF-4636-9919-B95ED2F3D555}.Ad-Hoc|iPhone.ActiveCfg = Release|Any CPU
		{D2543003-25AF-4636-9919-B95ED2F3D555}.Ad-Hoc|iPhone.Build.0 = Release|Any CPU
		{D2543003-25AF-4636-9919-B95ED2F3D555}.Ad-Hoc|iPhoneSimulator.ActiveCfg = Release|Any CPU
		{D2543003-25AF-4636-9919-B95ED2F3D555}.Ad-Hoc|iPhoneSimulator.Build.0 = Release|Any CPU
		{D2543003-25AF-4636-9919-B95ED2F3D555}.Ad-Hoc|x86.ActiveCfg = Release|Any CPU
		{D2543003-25AF-4636-9919-B95ED2F3D555}.Ad-Hoc|x86.Build.0 = Release|Any CPU
		{D2543003-25AF-4636-9919-B95ED2F3D555}.AppStore|Any CPU.ActiveCfg = Release|Any CPU
		{D2543003-25AF-4636-9919-B95ED2F3D555}.AppStore|Any CPU.Build.0 = Release|Any CPU
		{D2543003-25AF-4636-9919-B95ED2F3D555}.AppStore|ARM.ActiveCfg = Release|Any CPU
		{D2543003-25AF-4636-9919-B95ED2F3D555}.AppStore|ARM.Build.0 = Release|Any CPU
		{D2543003-25AF-4636-9919-B95ED2F3D555}.AppStore|iPhone.ActiveCfg = Release|Any CPU
		{D2543003-25AF-4636-9919-B95ED2F3D555}.AppStore|iPhone.Build.0 = Release|Any CPU
		{D2543003-25AF-4636-9919-B95ED2F3D555}.AppStore|iPhoneSimulator.ActiveCfg = Release|Any CPU
		{D2543003-25AF-4636-9919-B95ED2F3D555}.AppStore|iPhoneSimulator.Build.0 = Release|Any CPU
		{D2543003-25AF-4636-9919-B95ED2F3D555}.AppStore|x86.ActiveCfg = Release|Any CPU
		{D2543003-25AF-4636-9919-B95ED2F3D555}.AppStore|x86.Build.0 = Release|Any CPU
		{D2543003-25AF-4636-9919-B95ED2F3D555}.Debug|Any CPU.ActiveCfg = Debug|Any CPU
		{D2543003-25AF-4636-9919-B95ED2F3D555}.Debug|Any CPU.Build.0 = Debug|Any CPU
		{D2543003-25AF-4636-9919-B95ED2F3D555}.Debug|ARM.ActiveCfg = Debug|Any CPU
		{D2543003-25AF-4636-9919-B95ED2F3D555}.Debug|ARM.Build.0 = Debug|Any CPU
		{D2543003-25AF-4636-9919-B95ED2F3D555}.Debug|iPhone.ActiveCfg = Debug|Any CPU
		{D2543003-25AF-4636-9919-B95ED2F3D555}.Debug|iPhone.Build.0 = Debug|Any CPU
		{D2543003-25AF-4636-9919-B95ED2F3D555}.Debug|iPhoneSimulator.ActiveCfg = Debug|Any CPU
		{D2543003-25AF-4636-9919-B95ED2F3D555}.Debug|iPhoneSimulator.Build.0 = Debug|Any CPU
		{D2543003-25AF-4636-9919-B95ED2F3D555}.Debug|x86.ActiveCfg = Debug|Any CPU
		{D2543003-25AF-4636-9919-B95ED2F3D555}.Debug|x86.Build.0 = Debug|Any CPU
		{D2543003-25AF-4636-9919-B95ED2F3D555}.Release|Any CPU.ActiveCfg = Release|Any CPU
		{D2543003-25AF-4636-9919-B95ED2F3D555}.Release|Any CPU.Build.0 = Release|Any CPU
		{D2543003-25AF-4636-9919-B95ED2F3D555}.Release|ARM.ActiveCfg = Release|Any CPU
		{D2543003-25AF-4636-9919-B95ED2F3D555}.Release|ARM.Build.0 = Release|Any CPU
		{D2543003-25AF-4636-9919-B95ED2F3D555}.Release|iPhone.ActiveCfg = Release|Any CPU
		{D2543003-25AF-4636-9919-B95ED2F3D555}.Release|iPhone.Build.0 = Release|Any CPU
		{D2543003-25AF-4636-9919-B95ED2F3D555}.Release|iPhoneSimulator.ActiveCfg = Release|Any CPU
		{D2543003-25AF-4636-9919-B95ED2F3D555}.Release|iPhoneSimulator.Build.0 = Release|Any CPU
		{D2543003-25AF-4636-9919-B95ED2F3D555}.Release|x86.ActiveCfg = Release|Any CPU
		{D2543003-25AF-4636-9919-B95ED2F3D555}.Release|x86.Build.0 = Release|Any CPU
		{E1E8CEB3-A410-4EE3-9342-7C3B160092A4}.Ad-Hoc|Any CPU.ActiveCfg = Ad-Hoc|iPhone
		{E1E8CEB3-A410-4EE3-9342-7C3B160092A4}.Ad-Hoc|ARM.ActiveCfg = Ad-Hoc|iPhone
		{E1E8CEB3-A410-4EE3-9342-7C3B160092A4}.Ad-Hoc|iPhone.ActiveCfg = Ad-Hoc|iPhone
		{E1E8CEB3-A410-4EE3-9342-7C3B160092A4}.Ad-Hoc|iPhone.Build.0 = Ad-Hoc|iPhone
		{E1E8CEB3-A410-4EE3-9342-7C3B160092A4}.Ad-Hoc|iPhoneSimulator.ActiveCfg = Ad-Hoc|iPhoneSimulator
		{E1E8CEB3-A410-4EE3-9342-7C3B160092A4}.Ad-Hoc|iPhoneSimulator.Build.0 = Ad-Hoc|iPhoneSimulator
		{E1E8CEB3-A410-4EE3-9342-7C3B160092A4}.Ad-Hoc|x86.ActiveCfg = Ad-Hoc|iPhone
		{E1E8CEB3-A410-4EE3-9342-7C3B160092A4}.AppStore|Any CPU.ActiveCfg = AppStore|iPhone
		{E1E8CEB3-A410-4EE3-9342-7C3B160092A4}.AppStore|ARM.ActiveCfg = AppStore|iPhone
		{E1E8CEB3-A410-4EE3-9342-7C3B160092A4}.AppStore|iPhone.ActiveCfg = AppStore|iPhone
		{E1E8CEB3-A410-4EE3-9342-7C3B160092A4}.AppStore|iPhone.Build.0 = AppStore|iPhone
		{E1E8CEB3-A410-4EE3-9342-7C3B160092A4}.AppStore|iPhoneSimulator.ActiveCfg = AppStore|iPhoneSimulator
		{E1E8CEB3-A410-4EE3-9342-7C3B160092A4}.AppStore|iPhoneSimulator.Build.0 = AppStore|iPhoneSimulator
		{E1E8CEB3-A410-4EE3-9342-7C3B160092A4}.AppStore|x86.ActiveCfg = AppStore|iPhone
		{E1E8CEB3-A410-4EE3-9342-7C3B160092A4}.Debug|Any CPU.ActiveCfg = Debug|iPhone
		{E1E8CEB3-A410-4EE3-9342-7C3B160092A4}.Debug|ARM.ActiveCfg = Debug|iPhone
		{E1E8CEB3-A410-4EE3-9342-7C3B160092A4}.Debug|iPhone.ActiveCfg = Debug|iPhone
		{E1E8CEB3-A410-4EE3-9342-7C3B160092A4}.Debug|iPhone.Build.0 = Debug|iPhone
		{E1E8CEB3-A410-4EE3-9342-7C3B160092A4}.Debug|iPhoneSimulator.ActiveCfg = Debug|iPhoneSimulator
		{E1E8CEB3-A410-4EE3-9342-7C3B160092A4}.Debug|iPhoneSimulator.Build.0 = Debug|iPhoneSimulator
		{E1E8CEB3-A410-4EE3-9342-7C3B160092A4}.Debug|x86.ActiveCfg = Debug|iPhone
		{E1E8CEB3-A410-4EE3-9342-7C3B160092A4}.Release|Any CPU.ActiveCfg = Release|iPhone
		{E1E8CEB3-A410-4EE3-9342-7C3B160092A4}.Release|ARM.ActiveCfg = Release|iPhone
		{E1E8CEB3-A410-4EE3-9342-7C3B160092A4}.Release|iPhone.ActiveCfg = Release|iPhone
		{E1E8CEB3-A410-4EE3-9342-7C3B160092A4}.Release|iPhone.Build.0 = Release|iPhone
		{E1E8CEB3-A410-4EE3-9342-7C3B160092A4}.Release|iPhoneSimulator.ActiveCfg = Release|iPhoneSimulator
		{E1E8CEB3-A410-4EE3-9342-7C3B160092A4}.Release|iPhoneSimulator.Build.0 = Release|iPhoneSimulator
		{E1E8CEB3-A410-4EE3-9342-7C3B160092A4}.Release|x86.ActiveCfg = Release|iPhone
		{3B00CED5-77F7-4B82-B105-EFFB9C97D20A}.Ad-Hoc|Any CPU.ActiveCfg = Release|Any CPU
		{3B00CED5-77F7-4B82-B105-EFFB9C97D20A}.Ad-Hoc|Any CPU.Build.0 = Release|Any CPU
		{3B00CED5-77F7-4B82-B105-EFFB9C97D20A}.Ad-Hoc|Any CPU.Deploy.0 = Release|Any CPU
		{3B00CED5-77F7-4B82-B105-EFFB9C97D20A}.Ad-Hoc|ARM.ActiveCfg = Release|Any CPU
		{3B00CED5-77F7-4B82-B105-EFFB9C97D20A}.Ad-Hoc|ARM.Build.0 = Release|Any CPU
		{3B00CED5-77F7-4B82-B105-EFFB9C97D20A}.Ad-Hoc|ARM.Deploy.0 = Release|Any CPU
		{3B00CED5-77F7-4B82-B105-EFFB9C97D20A}.Ad-Hoc|iPhone.ActiveCfg = Release|Any CPU
		{3B00CED5-77F7-4B82-B105-EFFB9C97D20A}.Ad-Hoc|iPhone.Build.0 = Release|Any CPU
		{3B00CED5-77F7-4B82-B105-EFFB9C97D20A}.Ad-Hoc|iPhone.Deploy.0 = Release|Any CPU
		{3B00CED5-77F7-4B82-B105-EFFB9C97D20A}.Ad-Hoc|iPhoneSimulator.ActiveCfg = Release|Any CPU
		{3B00CED5-77F7-4B82-B105-EFFB9C97D20A}.Ad-Hoc|iPhoneSimulator.Build.0 = Release|Any CPU
		{3B00CED5-77F7-4B82-B105-EFFB9C97D20A}.Ad-Hoc|iPhoneSimulator.Deploy.0 = Release|Any CPU
		{3B00CED5-77F7-4B82-B105-EFFB9C97D20A}.Ad-Hoc|x86.ActiveCfg = Release|Any CPU
		{3B00CED5-77F7-4B82-B105-EFFB9C97D20A}.Ad-Hoc|x86.Build.0 = Release|Any CPU
		{3B00CED5-77F7-4B82-B105-EFFB9C97D20A}.Ad-Hoc|x86.Deploy.0 = Release|Any CPU
		{3B00CED5-77F7-4B82-B105-EFFB9C97D20A}.AppStore|Any CPU.ActiveCfg = Release|Any CPU
		{3B00CED5-77F7-4B82-B105-EFFB9C97D20A}.AppStore|Any CPU.Build.0 = Release|Any CPU
		{3B00CED5-77F7-4B82-B105-EFFB9C97D20A}.AppStore|Any CPU.Deploy.0 = Release|Any CPU
		{3B00CED5-77F7-4B82-B105-EFFB9C97D20A}.AppStore|ARM.ActiveCfg = Release|Any CPU
		{3B00CED5-77F7-4B82-B105-EFFB9C97D20A}.AppStore|ARM.Build.0 = Release|Any CPU
		{3B00CED5-77F7-4B82-B105-EFFB9C97D20A}.AppStore|ARM.Deploy.0 = Release|Any CPU
		{3B00CED5-77F7-4B82-B105-EFFB9C97D20A}.AppStore|iPhone.ActiveCfg = Release|Any CPU
		{3B00CED5-77F7-4B82-B105-EFFB9C97D20A}.AppStore|iPhone.Build.0 = Release|Any CPU
		{3B00CED5-77F7-4B82-B105-EFFB9C97D20A}.AppStore|iPhone.Deploy.0 = Release|Any CPU
		{3B00CED5-77F7-4B82-B105-EFFB9C97D20A}.AppStore|iPhoneSimulator.ActiveCfg = Release|Any CPU
		{3B00CED5-77F7-4B82-B105-EFFB9C97D20A}.AppStore|iPhoneSimulator.Build.0 = Release|Any CPU
		{3B00CED5-77F7-4B82-B105-EFFB9C97D20A}.AppStore|iPhoneSimulator.Deploy.0 = Release|Any CPU
		{3B00CED5-77F7-4B82-B105-EFFB9C97D20A}.AppStore|x86.ActiveCfg = Release|Any CPU
		{3B00CED5-77F7-4B82-B105-EFFB9C97D20A}.AppStore|x86.Build.0 = Release|Any CPU
		{3B00CED5-77F7-4B82-B105-EFFB9C97D20A}.AppStore|x86.Deploy.0 = Release|Any CPU
		{3B00CED5-77F7-4B82-B105-EFFB9C97D20A}.Debug|Any CPU.ActiveCfg = Debug|Any CPU
		{3B00CED5-77F7-4B82-B105-EFFB9C97D20A}.Debug|Any CPU.Build.0 = Debug|Any CPU
		{3B00CED5-77F7-4B82-B105-EFFB9C97D20A}.Debug|Any CPU.Deploy.0 = Debug|Any CPU
		{3B00CED5-77F7-4B82-B105-EFFB9C97D20A}.Debug|ARM.ActiveCfg = Debug|Any CPU
		{3B00CED5-77F7-4B82-B105-EFFB9C97D20A}.Debug|ARM.Build.0 = Debug|Any CPU
		{3B00CED5-77F7-4B82-B105-EFFB9C97D20A}.Debug|ARM.Deploy.0 = Debug|Any CPU
		{3B00CED5-77F7-4B82-B105-EFFB9C97D20A}.Debug|iPhone.ActiveCfg = Debug|Any CPU
		{3B00CED5-77F7-4B82-B105-EFFB9C97D20A}.Debug|iPhone.Build.0 = Debug|Any CPU
		{3B00CED5-77F7-4B82-B105-EFFB9C97D20A}.Debug|iPhone.Deploy.0 = Debug|Any CPU
		{3B00CED5-77F7-4B82-B105-EFFB9C97D20A}.Debug|iPhoneSimulator.ActiveCfg = Debug|Any CPU
		{3B00CED5-77F7-4B82-B105-EFFB9C97D20A}.Debug|iPhoneSimulator.Build.0 = Debug|Any CPU
		{3B00CED5-77F7-4B82-B105-EFFB9C97D20A}.Debug|iPhoneSimulator.Deploy.0 = Debug|Any CPU
		{3B00CED5-77F7-4B82-B105-EFFB9C97D20A}.Debug|x86.ActiveCfg = Debug|Any CPU
		{3B00CED5-77F7-4B82-B105-EFFB9C97D20A}.Debug|x86.Build.0 = Debug|Any CPU
		{3B00CED5-77F7-4B82-B105-EFFB9C97D20A}.Debug|x86.Deploy.0 = Debug|Any CPU
		{3B00CED5-77F7-4B82-B105-EFFB9C97D20A}.Release|Any CPU.ActiveCfg = Release|Any CPU
		{3B00CED5-77F7-4B82-B105-EFFB9C97D20A}.Release|Any CPU.Build.0 = Release|Any CPU
		{3B00CED5-77F7-4B82-B105-EFFB9C97D20A}.Release|Any CPU.Deploy.0 = Release|Any CPU
		{3B00CED5-77F7-4B82-B105-EFFB9C97D20A}.Release|ARM.ActiveCfg = Release|Any CPU
		{3B00CED5-77F7-4B82-B105-EFFB9C97D20A}.Release|ARM.Build.0 = Release|Any CPU
		{3B00CED5-77F7-4B82-B105-EFFB9C97D20A}.Release|ARM.Deploy.0 = Release|Any CPU
		{3B00CED5-77F7-4B82-B105-EFFB9C97D20A}.Release|iPhone.ActiveCfg = Release|Any CPU
		{3B00CED5-77F7-4B82-B105-EFFB9C97D20A}.Release|iPhone.Build.0 = Release|Any CPU
		{3B00CED5-77F7-4B82-B105-EFFB9C97D20A}.Release|iPhone.Deploy.0 = Release|Any CPU
		{3B00CED5-77F7-4B82-B105-EFFB9C97D20A}.Release|iPhoneSimulator.ActiveCfg = Release|Any CPU
		{3B00CED5-77F7-4B82-B105-EFFB9C97D20A}.Release|iPhoneSimulator.Build.0 = Release|Any CPU
		{3B00CED5-77F7-4B82-B105-EFFB9C97D20A}.Release|iPhoneSimulator.Deploy.0 = Release|Any CPU
		{3B00CED5-77F7-4B82-B105-EFFB9C97D20A}.Release|x86.ActiveCfg = Release|Any CPU
		{3B00CED5-77F7-4B82-B105-EFFB9C97D20A}.Release|x86.Build.0 = Release|Any CPU
		{3B00CED5-77F7-4B82-B105-EFFB9C97D20A}.Release|x86.Deploy.0 = Release|Any CPU
		{48144CB0-89B4-4B8E-AF42-9856EA4B6D63}.Ad-Hoc|Any CPU.ActiveCfg = Release|Any CPU
		{48144CB0-89B4-4B8E-AF42-9856EA4B6D63}.Ad-Hoc|Any CPU.Build.0 = Release|Any CPU
		{48144CB0-89B4-4B8E-AF42-9856EA4B6D63}.Ad-Hoc|Any CPU.Deploy.0 = Release|Any CPU
		{48144CB0-89B4-4B8E-AF42-9856EA4B6D63}.Ad-Hoc|ARM.ActiveCfg = Release|ARM
		{48144CB0-89B4-4B8E-AF42-9856EA4B6D63}.Ad-Hoc|ARM.Build.0 = Release|ARM
		{48144CB0-89B4-4B8E-AF42-9856EA4B6D63}.Ad-Hoc|ARM.Deploy.0 = Release|ARM
		{48144CB0-89B4-4B8E-AF42-9856EA4B6D63}.Ad-Hoc|iPhone.ActiveCfg = Release|Any CPU
		{48144CB0-89B4-4B8E-AF42-9856EA4B6D63}.Ad-Hoc|iPhone.Build.0 = Release|Any CPU
		{48144CB0-89B4-4B8E-AF42-9856EA4B6D63}.Ad-Hoc|iPhone.Deploy.0 = Release|Any CPU
		{48144CB0-89B4-4B8E-AF42-9856EA4B6D63}.Ad-Hoc|iPhoneSimulator.ActiveCfg = Release|Any CPU
		{48144CB0-89B4-4B8E-AF42-9856EA4B6D63}.Ad-Hoc|iPhoneSimulator.Build.0 = Release|Any CPU
		{48144CB0-89B4-4B8E-AF42-9856EA4B6D63}.Ad-Hoc|iPhoneSimulator.Deploy.0 = Release|Any CPU
		{48144CB0-89B4-4B8E-AF42-9856EA4B6D63}.Ad-Hoc|x86.ActiveCfg = Release|x86
		{48144CB0-89B4-4B8E-AF42-9856EA4B6D63}.Ad-Hoc|x86.Build.0 = Release|x86
		{48144CB0-89B4-4B8E-AF42-9856EA4B6D63}.Ad-Hoc|x86.Deploy.0 = Release|x86
		{48144CB0-89B4-4B8E-AF42-9856EA4B6D63}.AppStore|Any CPU.ActiveCfg = Release|Any CPU
		{48144CB0-89B4-4B8E-AF42-9856EA4B6D63}.AppStore|Any CPU.Build.0 = Release|Any CPU
		{48144CB0-89B4-4B8E-AF42-9856EA4B6D63}.AppStore|Any CPU.Deploy.0 = Release|Any CPU
		{48144CB0-89B4-4B8E-AF42-9856EA4B6D63}.AppStore|ARM.ActiveCfg = Release|ARM
		{48144CB0-89B4-4B8E-AF42-9856EA4B6D63}.AppStore|ARM.Build.0 = Release|ARM
		{48144CB0-89B4-4B8E-AF42-9856EA4B6D63}.AppStore|ARM.Deploy.0 = Release|ARM
		{48144CB0-89B4-4B8E-AF42-9856EA4B6D63}.AppStore|iPhone.ActiveCfg = Release|Any CPU
		{48144CB0-89B4-4B8E-AF42-9856EA4B6D63}.AppStore|iPhone.Build.0 = Release|Any CPU
		{48144CB0-89B4-4B8E-AF42-9856EA4B6D63}.AppStore|iPhone.Deploy.0 = Release|Any CPU
		{48144CB0-89B4-4B8E-AF42-9856EA4B6D63}.AppStore|iPhoneSimulator.ActiveCfg = Release|Any CPU
		{48144CB0-89B4-4B8E-AF42-9856EA4B6D63}.AppStore|iPhoneSimulator.Build.0 = Release|Any CPU
		{48144CB0-89B4-4B8E-AF42-9856EA4B6D63}.AppStore|iPhoneSimulator.Deploy.0 = Release|Any CPU
		{48144CB0-89B4-4B8E-AF42-9856EA4B6D63}.AppStore|x86.ActiveCfg = Release|x86
		{48144CB0-89B4-4B8E-AF42-9856EA4B6D63}.AppStore|x86.Build.0 = Release|x86
		{48144CB0-89B4-4B8E-AF42-9856EA4B6D63}.AppStore|x86.Deploy.0 = Release|x86
		{48144CB0-89B4-4B8E-AF42-9856EA4B6D63}.Debug|Any CPU.ActiveCfg = Debug|Any CPU
		{48144CB0-89B4-4B8E-AF42-9856EA4B6D63}.Debug|Any CPU.Build.0 = Debug|Any CPU
		{48144CB0-89B4-4B8E-AF42-9856EA4B6D63}.Debug|Any CPU.Deploy.0 = Debug|Any CPU
		{48144CB0-89B4-4B8E-AF42-9856EA4B6D63}.Debug|ARM.ActiveCfg = Debug|ARM
		{48144CB0-89B4-4B8E-AF42-9856EA4B6D63}.Debug|ARM.Build.0 = Debug|ARM
		{48144CB0-89B4-4B8E-AF42-9856EA4B6D63}.Debug|ARM.Deploy.0 = Debug|ARM
		{48144CB0-89B4-4B8E-AF42-9856EA4B6D63}.Debug|iPhone.ActiveCfg = Debug|Any CPU
		{48144CB0-89B4-4B8E-AF42-9856EA4B6D63}.Debug|iPhone.Build.0 = Debug|Any CPU
		{48144CB0-89B4-4B8E-AF42-9856EA4B6D63}.Debug|iPhone.Deploy.0 = Debug|Any CPU
		{48144CB0-89B4-4B8E-AF42-9856EA4B6D63}.Debug|iPhoneSimulator.ActiveCfg = Debug|Any CPU
		{48144CB0-89B4-4B8E-AF42-9856EA4B6D63}.Debug|iPhoneSimulator.Build.0 = Debug|Any CPU
		{48144CB0-89B4-4B8E-AF42-9856EA4B6D63}.Debug|iPhoneSimulator.Deploy.0 = Debug|Any CPU
		{48144CB0-89B4-4B8E-AF42-9856EA4B6D63}.Debug|x86.ActiveCfg = Debug|x86
		{48144CB0-89B4-4B8E-AF42-9856EA4B6D63}.Debug|x86.Build.0 = Debug|x86
		{48144CB0-89B4-4B8E-AF42-9856EA4B6D63}.Debug|x86.Deploy.0 = Debug|x86
		{48144CB0-89B4-4B8E-AF42-9856EA4B6D63}.Release|Any CPU.ActiveCfg = Release|Any CPU
		{48144CB0-89B4-4B8E-AF42-9856EA4B6D63}.Release|Any CPU.Build.0 = Release|Any CPU
		{48144CB0-89B4-4B8E-AF42-9856EA4B6D63}.Release|Any CPU.Deploy.0 = Release|Any CPU
		{48144CB0-89B4-4B8E-AF42-9856EA4B6D63}.Release|ARM.ActiveCfg = Release|ARM
		{48144CB0-89B4-4B8E-AF42-9856EA4B6D63}.Release|ARM.Build.0 = Release|ARM
		{48144CB0-89B4-4B8E-AF42-9856EA4B6D63}.Release|ARM.Deploy.0 = Release|ARM
		{48144CB0-89B4-4B8E-AF42-9856EA4B6D63}.Release|iPhone.ActiveCfg = Release|Any CPU
		{48144CB0-89B4-4B8E-AF42-9856EA4B6D63}.Release|iPhone.Build.0 = Release|Any CPU
		{48144CB0-89B4-4B8E-AF42-9856EA4B6D63}.Release|iPhone.Deploy.0 = Release|Any CPU
		{48144CB0-89B4-4B8E-AF42-9856EA4B6D63}.Release|iPhoneSimulator.ActiveCfg = Release|Any CPU
		{48144CB0-89B4-4B8E-AF42-9856EA4B6D63}.Release|iPhoneSimulator.Build.0 = Release|Any CPU
		{48144CB0-89B4-4B8E-AF42-9856EA4B6D63}.Release|iPhoneSimulator.Deploy.0 = Release|Any CPU
		{48144CB0-89B4-4B8E-AF42-9856EA4B6D63}.Release|x86.ActiveCfg = Release|x86
		{48144CB0-89B4-4B8E-AF42-9856EA4B6D63}.Release|x86.Build.0 = Release|x86
		{48144CB0-89B4-4B8E-AF42-9856EA4B6D63}.Release|x86.Deploy.0 = Release|x86
	EndGlobalSection
	GlobalSection(SolutionProperties) = preSolution
		HideSolutionNode = FALSE
	EndGlobalSection
EndGlobal
